
Microsoft Visual Studio Solution File, Format Version 12.00
# Visual Studio Version 17
VisualStudioVersion = 17.3.32929.385
MinimumVisualStudioVersion = 10.0.40219.1
Project("{FAE04EC0-301F-11D3-BF4B-00C04F79EFBC}") = "app", "app.csproj", "{9F07A94F-EFC7-4E4B-807A-83F884EE0B44}"
EndProject
Global
	GlobalSection(SolutionConfigurationPlatforms) = preSolution
		Debug|Any CPU = Debug|Any CPU
		Debug|x64 = Debug|x64
		Release|Any CPU = Release|Any CPU
		Release|x64 = Release|x64
	EndGlobalSection
	GlobalSection(ProjectConfigurationPlatforms) = postSolution
		{9F07A94F-EFC7-4E4B-807A-83F884EE0B44}.Debug|Any CPU.ActiveCfg = Debug|Any CPU
		{9F07A94F-EFC7-4E4B-807A-83F884EE0B44}.Debug|Any CPU.Build.0 = Debug|Any CPU
		{9F07A94F-EFC7-4E4B-807A-83F884EE0B44}.Debug|x64.ActiveCfg = Debug|x64
		{9F07A94F-EFC7-4E4B-807A-83F884EE0B44}.Debug|x64.Build.0 = Debug|x64
		{9F07A94F-EFC7-4E4B-807A-83F884EE0B44}.Release|Any CPU.ActiveCfg = Release|Any CPU
		{9F07A94F-EFC7-4E4B-807A-83F884EE0B44}.Release|Any CPU.Build.0 = Release|Any CPU
		{9F07A94F-EFC7-4E4B-807A-83F884EE0B44}.Release|x64.ActiveCfg = Release|x64
		{9F07A94F-EFC7-4E4B-807A-83F884EE0B44}.Release|x64.Build.0 = Release|x64
	EndGlobalSection
	GlobalSection(SolutionProperties) = preSolution
		HideSolutionNode = FALSE
	EndGlobalSection
	GlobalSection(ExtensibilityGlobals) = postSolution
		SolutionGuid = {AC5CF14D-A182-4045-B849-D44BFE870A91}
	EndGlobalSection
EndGlobal
